
Microsoft Visual Studio Solution File, Format Version 12.00
# Visual Studio 15
VisualStudioVersion = 15.0.28307.572
MinimumVisualStudioVersion = 10.0.40219.1
Project("{9A19103F-16F7-4668-BE54-9A1E7A4F7556}") = "Library.Author.Api", "Library.Author.Api\Library.Author.Api.csproj", "{4B663A50-226A-49A3-BA83-A2ECB3BDD6FE}"
EndProject
Project("{9A19103F-16F7-4668-BE54-9A1E7A4F7556}") = "Library.Author.Service", "Library.Author.Service\Library.Author.Service.csproj", "{AB98F880-DE85-4A8A-8FCE-B81FC98C8217}"
EndProject
Project("{9A19103F-16F7-4668-BE54-9A1E7A4F7556}") = "Library.Author.Service.Data", "Library.Author.Service.Data\Library.Author.Service.Data.csproj", "{D8B08F0D-4B5A-41DF-BC5A-C382E16B6471}"
EndProject
Project("{FAE04EC0-301F-11D3-BF4B-00C04F79EFBC}") = "Library.Author.Service.Test", "Library.Author.Service.Test\Library.Author.Service.Test.csproj", "{86EA1460-B01B-41D2-8826-4700CCD9513F}"
EndProject
Global
	GlobalSection(SolutionConfigurationPlatforms) = preSolution
		Debug|Any CPU = Debug|Any CPU
		Release|Any CPU = Release|Any CPU
	EndGlobalSection
	GlobalSection(ProjectConfigurationPlatforms) = postSolution
		{4B663A50-226A-49A3-BA83-A2ECB3BDD6FE}.Debug|Any CPU.ActiveCfg = Debug|Any CPU
		{4B663A50-226A-49A3-BA83-A2ECB3BDD6FE}.Debug|Any CPU.Build.0 = Debug|Any CPU
		{4B663A50-226A-49A3-BA83-A2ECB3BDD6FE}.Release|Any CPU.ActiveCfg = Release|Any CPU
		{4B663A50-226A-49A3-BA83-A2ECB3BDD6FE}.Release|Any CPU.Build.0 = Release|Any CPU
		{AB98F880-DE85-4A8A-8FCE-B81FC98C8217}.Debug|Any CPU.ActiveCfg = Debug|Any CPU
		{AB98F880-DE85-4A8A-8FCE-B81FC98C8217}.Debug|Any CPU.Build.0 = Debug|Any CPU
		{AB98F880-DE85-4A8A-8FCE-B81FC98C8217}.Release|Any CPU.ActiveCfg = Release|Any CPU
		{AB98F880-DE85-4A8A-8FCE-B81FC98C8217}.Release|Any CPU.Build.0 = Release|Any CPU
		{D8B08F0D-4B5A-41DF-BC5A-C382E16B6471}.Debug|Any CPU.ActiveCfg = Debug|Any CPU
		{D8B08F0D-4B5A-41DF-BC5A-C382E16B6471}.Debug|Any CPU.Build.0 = Debug|Any CPU
		{D8B08F0D-4B5A-41DF-BC5A-C382E16B6471}.Release|Any CPU.ActiveCfg = Release|Any CPU
		{D8B08F0D-4B5A-41DF-BC5A-C382E16B6471}.Release|Any CPU.Build.0 = Release|Any CPU
		{86EA1460-B01B-41D2-8826-4700CCD9513F}.Debug|Any CPU.ActiveCfg = Debug|Any CPU
		{86EA1460-B01B-41D2-8826-4700CCD9513F}.Debug|Any CPU.Build.0 = Debug|Any CPU
		{86EA1460-B01B-41D2-8826-4700CCD9513F}.Release|Any CPU.ActiveCfg = Release|Any CPU
		{86EA1460-B01B-41D2-8826-4700CCD9513F}.Release|Any CPU.Build.0 = Release|Any CPU
	EndGlobalSection
	GlobalSection(SolutionProperties) = preSolution
		HideSolutionNode = FALSE
	EndGlobalSection
	GlobalSection(ExtensibilityGlobals) = postSolution
		SolutionGuid = {40AEE29D-D569-4113-8A48-5C77FD2FD1D2}
	EndGlobalSection
EndGlobal
